
Microsoft Visual Studio Solution File, Format Version 12.00
# Visual Studio 15
VisualStudioVersion = 15.0.27428.1
MinimumVisualStudioVersion = 10.0.40219.1
Project("{FAE04EC0-301F-11D3-BF4B-00C04F79EFBC}") = "Buinya", "Buinya\Buinya.csproj", "{6290C5BA-D014-45A0-B5E1-EAA9D08FFB99}"
EndProject
Project("{FAE04EC0-301F-11D3-BF4B-00C04F79EFBC}") = "BuinyaService", "BuinyaService\BuinyaService.csproj", "{5970318E-FBE0-4C3E-BD39-2AB4B490624F}"
EndProject
Project("{FAE04EC0-301F-11D3-BF4B-00C04F79EFBC}") = "BuinyaModel", "BuinyaModel\BuinyaModel.csproj", "{4DE39F89-B18E-478D-AA04-FC00EAF892BA}"
EndProject
Global
	GlobalSection(SolutionConfigurationPlatforms) = preSolution
		Debug|Any CPU = Debug|Any CPU
		Release|Any CPU = Release|Any CPU
	EndGlobalSection
	GlobalSection(ProjectConfigurationPlatforms) = postSolution
		{6290C5BA-D014-45A0-B5E1-EAA9D08FFB99}.Debug|Any CPU.ActiveCfg = Debug|Any CPU
		{6290C5BA-D014-45A0-B5E1-EAA9D08FFB99}.Debug|Any CPU.Build.0 = Debug|Any CPU
		{6290C5BA-D014-45A0-B5E1-EAA9D08FFB99}.Release|Any CPU.ActiveCfg = Release|Any CPU
		{6290C5BA-D014-45A0-B5E1-EAA9D08FFB99}.Release|Any CPU.Build.0 = Release|Any CPU
		{5970318E-FBE0-4C3E-BD39-2AB4B490624F}.Debug|Any CPU.ActiveCfg = Debug|Any CPU
		{5970318E-FBE0-4C3E-BD39-2AB4B490624F}.Debug|Any CPU.Build.0 = Debug|Any CPU
		{5970318E-FBE0-4C3E-BD39-2AB4B490624F}.Release|Any CPU.ActiveCfg = Release|Any CPU
		{5970318E-FBE0-4C3E-BD39-2AB4B490624F}.Release|Any CPU.Build.0 = Release|Any CPU
		{4DE39F89-B18E-478D-AA04-FC00EAF892BA}.Debug|Any CPU.ActiveCfg = Debug|Any CPU
		{4DE39F89-B18E-478D-AA04-FC00EAF892BA}.Debug|Any CPU.Build.0 = Debug|Any CPU
		{4DE39F89-B18E-478D-AA04-FC00EAF892BA}.Release|Any CPU.ActiveCfg = Release|Any CPU
		{4DE39F89-B18E-478D-AA04-FC00EAF892BA}.Release|Any CPU.Build.0 = Release|Any CPU
	EndGlobalSection
	GlobalSection(SolutionProperties) = preSolution
		HideSolutionNode = FALSE
	EndGlobalSection
	GlobalSection(ExtensibilityGlobals) = postSolution
		SolutionGuid = {636284BD-585A-4D6E-8701-D37ED89EAB06}
	EndGlobalSection
EndGlobal
